
Microsoft Visual Studio Solution File, Format Version 12.00
# Visual Studio 2017
Project("{FAE04EC0-301F-11D3-BF4B-00C04F79EFBC}") = "Teaser01", "Teaser01.csproj", "{99FEF642-8BEE-838D-42CA-38C0CC7BE68C}"
EndProject
Project("{FAE04EC0-301F-11D3-BF4B-00C04F79EFBC}") = "Teaser01.Editor", "Teaser01.Editor.csproj", "{2E8C9A72-54A8-D418-44F6-20492C940D64}"
EndProject
Global
	GlobalSection(SolutionConfigurationPlatforms) = preSolution
		Debug|Any CPU = Debug|Any CPU
		Release|Any CPU = Release|Any CPU
	EndGlobalSection
	GlobalSection(ProjectConfigurationPlatforms) = postSolution
		{99FEF642-8BEE-838D-42CA-38C0CC7BE68C}.Debug|Any CPU.ActiveCfg = Debug|Any CPU
		{99FEF642-8BEE-838D-42CA-38C0CC7BE68C}.Debug|Any CPU.Build.0 = Debug|Any CPU
		{99FEF642-8BEE-838D-42CA-38C0CC7BE68C}.Release|Any CPU.ActiveCfg = Release|Any CPU
		{99FEF642-8BEE-838D-42CA-38C0CC7BE68C}.Release|Any CPU.Build.0 = Release|Any CPU
		{2E8C9A72-54A8-D418-44F6-20492C940D64}.Debug|Any CPU.ActiveCfg = Debug|Any CPU
		{2E8C9A72-54A8-D418-44F6-20492C940D64}.Debug|Any CPU.Build.0 = Debug|Any CPU
		{2E8C9A72-54A8-D418-44F6-20492C940D64}.Release|Any CPU.ActiveCfg = Release|Any CPU
		{2E8C9A72-54A8-D418-44F6-20492C940D64}.Release|Any CPU.Build.0 = Release|Any CPU
	EndGlobalSection
	GlobalSection(SolutionProperties) = preSolution
		HideSolutionNode = FALSE
	EndGlobalSection
EndGlobal
